
Microsoft Visual Studio Solution File, Format Version 12.00
# Visual Studio Version 17
VisualStudioVersion = 17.1.32228.430
MinimumVisualStudioVersion = 10.0.40219.1
Project("{FAE04EC0-301F-11D3-BF4B-00C04F79EFBC}") = "CarEverywhere", "CarEverywhere\CarEverywhere.csproj", "{B407F3C8-44C5-4BC9-86D9-8E24D9795741}"
EndProject
Global
	GlobalSection(SolutionConfigurationPlatforms) = preSolution
		Debug|Any CPU = Debug|Any CPU
		Release|Any CPU = Release|Any CPU
	EndGlobalSection
	GlobalSection(ProjectConfigurationPlatforms) = postSolution
		{B407F3C8-44C5-4BC9-86D9-8E24D9795741}.Debug|Any CPU.ActiveCfg = Debug|Any CPU
		{B407F3C8-44C5-4BC9-86D9-8E24D9795741}.Debug|Any CPU.Build.0 = Debug|Any CPU
		{B407F3C8-44C5-4BC9-86D9-8E24D9795741}.Release|Any CPU.ActiveCfg = Release|Any CPU
		{B407F3C8-44C5-4BC9-86D9-8E24D9795741}.Release|Any CPU.Build.0 = Release|Any CPU
	EndGlobalSection
	GlobalSection(SolutionProperties) = preSolution
		HideSolutionNode = FALSE
	EndGlobalSection
	GlobalSection(ExtensibilityGlobals) = postSolution
		SolutionGuid = {2AE7A578-FA7B-4543-AA4E-F24B1F2B81A5}
	EndGlobalSection
EndGlobal
